
Microsoft Visual Studio Solution File, Format Version 12.00
Project("{FAE04EC0-301F-11D3-BF4B-00C04F79EFBC}") = "ValidationApp", "ValidationApp\ValidationApp.csproj", "{0F70569D-E3FD-494C-A1AA-93532452223C}"
EndProject
Project("{FAE04EC0-301F-11D3-BF4B-00C04F79EFBC}") = "ValidationApp.MVVM.Core", "ValidationApp.MVVM.Core\ValidationApp.MVVM.Core.csproj", "{E443139F-CA6D-4343-AC52-1B402790F410}"
EndProject
Project("{FAE04EC0-301F-11D3-BF4B-00C04F79EFBC}") = "ValidationApp.Styles", "ValidationApp.Styles\ValidationApp.Styles.csproj", "{065824BB-D42C-43CE-A5EA-441ACCC66F73}"
EndProject
Project("{FAE04EC0-301F-11D3-BF4B-00C04F79EFBC}") = "ValidationApp.Server", "ValidationApp.Server\ValidationApp.Server.csproj", "{D00694AA-505D-4615-B661-264C67C5E5D1}"
EndProject
Project("{FAE04EC0-301F-11D3-BF4B-00C04F79EFBC}") = "ValidationApp.Client", "ValidationApp.Client\ValidationApp.Client.csproj", "{4CF7C09F-C7BF-4C61-ADF1-961A6A73B0E5}"
EndProject
Project("{FAE04EC0-301F-11D3-BF4B-00C04F79EFBC}") = "ValidationApp.Proto", "ValidationApp.Proto\ValidationApp.Proto.csproj", "{C9342738-3B9C-4DEA-82FA-3F88C08B64E8}"
EndProject
Project("{FAE04EC0-301F-11D3-BF4B-00C04F79EFBC}") = "ValidationApp.Context", "ValidationApp.Context\ValidationApp.Context.csproj", "{ED31D108-A44F-49DC-B257-1BD2E9FB784F}"
EndProject
Project("{2150E333-8FDC-42A3-9474-1A3956D46DE8}") = "ValidationServers", "ValidationServers", "{D608336C-9E40-480D-84B8-DCA33A20CA7F}"
EndProject
Project("{FAE04EC0-301F-11D3-BF4B-00C04F79EFBC}") = "ValidationServers.Fullname", "ValidationServers.Fullname\ValidationServers.Fullname.csproj", "{6AB18FE5-DC0A-4DA9-923F-CF58D72F112A}"
EndProject
Project("{FAE04EC0-301F-11D3-BF4B-00C04F79EFBC}") = "ValidationServers.Phone", "ValidationServers.Phone\ValidationServers.Phone.csproj", "{59D38374-07A1-4991-BC38-D670A4B25001}"
EndProject
Project("{FAE04EC0-301F-11D3-BF4B-00C04F79EFBC}") = "ValidationServers.Email", "ValidationServers.Email\ValidationServers.Email.csproj", "{045F37AC-FA6F-4DEE-858C-07D149ECDA07}"
EndProject
Project("{FAE04EC0-301F-11D3-BF4B-00C04F79EFBC}") = "ValidationServers.Address", "ValidationServers.Address\ValidationServers.Address.csproj", "{108F4D13-F331-4968-BF1A-07BF4D39E71F}"
EndProject
Project("{FAE04EC0-301F-11D3-BF4B-00C04F79EFBC}") = "ValidationServers.Passport", "ValidationServers.Passport\ValidationServers.Passport.csproj", "{DBFE851B-3B85-4483-940F-E2D2DBDD7CAF}"
EndProject
Project("{FAE04EC0-301F-11D3-BF4B-00C04F79EFBC}") = "ValidationServers.Date", "ValidationServers.Date\ValidationServers.Date.csproj", "{6EFC7AC6-1DB5-4326-82EA-0169256ABE6D}"
EndProject
Global
	GlobalSection(SolutionConfigurationPlatforms) = preSolution
		Debug|Any CPU = Debug|Any CPU
		Release|Any CPU = Release|Any CPU
	EndGlobalSection
	GlobalSection(ProjectConfigurationPlatforms) = postSolution
		{0F70569D-E3FD-494C-A1AA-93532452223C}.Debug|Any CPU.ActiveCfg = Debug|Any CPU
		{0F70569D-E3FD-494C-A1AA-93532452223C}.Debug|Any CPU.Build.0 = Debug|Any CPU
		{0F70569D-E3FD-494C-A1AA-93532452223C}.Release|Any CPU.ActiveCfg = Release|Any CPU
		{0F70569D-E3FD-494C-A1AA-93532452223C}.Release|Any CPU.Build.0 = Release|Any CPU
		{E443139F-CA6D-4343-AC52-1B402790F410}.Debug|Any CPU.ActiveCfg = Debug|Any CPU
		{E443139F-CA6D-4343-AC52-1B402790F410}.Debug|Any CPU.Build.0 = Debug|Any CPU
		{E443139F-CA6D-4343-AC52-1B402790F410}.Release|Any CPU.ActiveCfg = Release|Any CPU
		{E443139F-CA6D-4343-AC52-1B402790F410}.Release|Any CPU.Build.0 = Release|Any CPU
		{065824BB-D42C-43CE-A5EA-441ACCC66F73}.Debug|Any CPU.ActiveCfg = Debug|Any CPU
		{065824BB-D42C-43CE-A5EA-441ACCC66F73}.Debug|Any CPU.Build.0 = Debug|Any CPU
		{065824BB-D42C-43CE-A5EA-441ACCC66F73}.Release|Any CPU.ActiveCfg = Release|Any CPU
		{065824BB-D42C-43CE-A5EA-441ACCC66F73}.Release|Any CPU.Build.0 = Release|Any CPU
		{D00694AA-505D-4615-B661-264C67C5E5D1}.Debug|Any CPU.ActiveCfg = Debug|Any CPU
		{D00694AA-505D-4615-B661-264C67C5E5D1}.Debug|Any CPU.Build.0 = Debug|Any CPU
		{D00694AA-505D-4615-B661-264C67C5E5D1}.Release|Any CPU.ActiveCfg = Release|Any CPU
		{D00694AA-505D-4615-B661-264C67C5E5D1}.Release|Any CPU.Build.0 = Release|Any CPU
		{4CF7C09F-C7BF-4C61-ADF1-961A6A73B0E5}.Debug|Any CPU.ActiveCfg = Debug|Any CPU
		{4CF7C09F-C7BF-4C61-ADF1-961A6A73B0E5}.Debug|Any CPU.Build.0 = Debug|Any CPU
		{4CF7C09F-C7BF-4C61-ADF1-961A6A73B0E5}.Release|Any CPU.ActiveCfg = Release|Any CPU
		{4CF7C09F-C7BF-4C61-ADF1-961A6A73B0E5}.Release|Any CPU.Build.0 = Release|Any CPU
		{C9342738-3B9C-4DEA-82FA-3F88C08B64E8}.Debug|Any CPU.ActiveCfg = Debug|Any CPU
		{C9342738-3B9C-4DEA-82FA-3F88C08B64E8}.Debug|Any CPU.Build.0 = Debug|Any CPU
		{C9342738-3B9C-4DEA-82FA-3F88C08B64E8}.Release|Any CPU.ActiveCfg = Release|Any CPU
		{C9342738-3B9C-4DEA-82FA-3F88C08B64E8}.Release|Any CPU.Build.0 = Release|Any CPU
		{ED31D108-A44F-49DC-B257-1BD2E9FB784F}.Debug|Any CPU.ActiveCfg = Debug|Any CPU
		{ED31D108-A44F-49DC-B257-1BD2E9FB784F}.Debug|Any CPU.Build.0 = Debug|Any CPU
		{ED31D108-A44F-49DC-B257-1BD2E9FB784F}.Release|Any CPU.ActiveCfg = Release|Any CPU
		{ED31D108-A44F-49DC-B257-1BD2E9FB784F}.Release|Any CPU.Build.0 = Release|Any CPU
		{6AB18FE5-DC0A-4DA9-923F-CF58D72F112A}.Debug|Any CPU.ActiveCfg = Debug|Any CPU
		{6AB18FE5-DC0A-4DA9-923F-CF58D72F112A}.Debug|Any CPU.Build.0 = Debug|Any CPU
		{6AB18FE5-DC0A-4DA9-923F-CF58D72F112A}.Release|Any CPU.ActiveCfg = Release|Any CPU
		{6AB18FE5-DC0A-4DA9-923F-CF58D72F112A}.Release|Any CPU.Build.0 = Release|Any CPU
		{59D38374-07A1-4991-BC38-D670A4B25001}.Debug|Any CPU.ActiveCfg = Debug|Any CPU
		{59D38374-07A1-4991-BC38-D670A4B25001}.Debug|Any CPU.Build.0 = Debug|Any CPU
		{59D38374-07A1-4991-BC38-D670A4B25001}.Release|Any CPU.ActiveCfg = Release|Any CPU
		{59D38374-07A1-4991-BC38-D670A4B25001}.Release|Any CPU.Build.0 = Release|Any CPU
		{045F37AC-FA6F-4DEE-858C-07D149ECDA07}.Debug|Any CPU.ActiveCfg = Debug|Any CPU
		{045F37AC-FA6F-4DEE-858C-07D149ECDA07}.Debug|Any CPU.Build.0 = Debug|Any CPU
		{045F37AC-FA6F-4DEE-858C-07D149ECDA07}.Release|Any CPU.ActiveCfg = Release|Any CPU
		{045F37AC-FA6F-4DEE-858C-07D149ECDA07}.Release|Any CPU.Build.0 = Release|Any CPU
		{108F4D13-F331-4968-BF1A-07BF4D39E71F}.Debug|Any CPU.ActiveCfg = Debug|Any CPU
		{108F4D13-F331-4968-BF1A-07BF4D39E71F}.Debug|Any CPU.Build.0 = Debug|Any CPU
		{108F4D13-F331-4968-BF1A-07BF4D39E71F}.Release|Any CPU.ActiveCfg = Release|Any CPU
		{108F4D13-F331-4968-BF1A-07BF4D39E71F}.Release|Any CPU.Build.0 = Release|Any CPU
		{DBFE851B-3B85-4483-940F-E2D2DBDD7CAF}.Debug|Any CPU.ActiveCfg = Debug|Any CPU
		{DBFE851B-3B85-4483-940F-E2D2DBDD7CAF}.Debug|Any CPU.Build.0 = Debug|Any CPU
		{DBFE851B-3B85-4483-940F-E2D2DBDD7CAF}.Release|Any CPU.ActiveCfg = Release|Any CPU
		{DBFE851B-3B85-4483-940F-E2D2DBDD7CAF}.Release|Any CPU.Build.0 = Release|Any CPU
		{6EFC7AC6-1DB5-4326-82EA-0169256ABE6D}.Debug|Any CPU.ActiveCfg = Debug|Any CPU
		{6EFC7AC6-1DB5-4326-82EA-0169256ABE6D}.Debug|Any CPU.Build.0 = Debug|Any CPU
		{6EFC7AC6-1DB5-4326-82EA-0169256ABE6D}.Release|Any CPU.ActiveCfg = Release|Any CPU
		{6EFC7AC6-1DB5-4326-82EA-0169256ABE6D}.Release|Any CPU.Build.0 = Release|Any CPU
	EndGlobalSection
	GlobalSection(NestedProjects) = preSolution
		{6AB18FE5-DC0A-4DA9-923F-CF58D72F112A} = {D608336C-9E40-480D-84B8-DCA33A20CA7F}
		{59D38374-07A1-4991-BC38-D670A4B25001} = {D608336C-9E40-480D-84B8-DCA33A20CA7F}
		{045F37AC-FA6F-4DEE-858C-07D149ECDA07} = {D608336C-9E40-480D-84B8-DCA33A20CA7F}
		{108F4D13-F331-4968-BF1A-07BF4D39E71F} = {D608336C-9E40-480D-84B8-DCA33A20CA7F}
		{DBFE851B-3B85-4483-940F-E2D2DBDD7CAF} = {D608336C-9E40-480D-84B8-DCA33A20CA7F}
		{6EFC7AC6-1DB5-4326-82EA-0169256ABE6D} = {D608336C-9E40-480D-84B8-DCA33A20CA7F}
	EndGlobalSection
EndGlobal
